Microsoft Visual Studio Solution File, Format Version 12.00
# Visual Studio Version 17
VisualStudioVersion = 17.5.2.0
MinimumVisualStudioVersion = 10.0.40219.1
Project("{FAE04EC0-301F-11D3-BF4B-00C04F79EFBC}") = "ArticleService", "ArticleService\ArticleService.csproj", "{AC8A40EC-5FC1-3737-C2DB-E0493E457FDB}"
EndProject
Global
	GlobalSection(SolutionConfigurationPlatforms) = preSolution
		Debug|Any CPU = Debug|Any CPU
		Release|Any CPU = Release|Any CPU
	EndGlobalSection
	GlobalSection(ProjectConfigurationPlatforms) = postSolution
		{AC8A40EC-5FC1-3737-C2DB-E0493E457FDB}.Debug|Any CPU.ActiveCfg = Debug|Any CPU
		{AC8A40EC-5FC1-3737-C2DB-E0493E457FDB}.Debug|Any CPU.Build.0 = Debug|Any CPU
		{AC8A40EC-5FC1-3737-C2DB-E0493E457FDB}.Release|Any CPU.ActiveCfg = Release|Any CPU
		{AC8A40EC-5FC1-3737-C2DB-E0493E457FDB}.Release|Any CPU.Build.0 = Release|Any CPU
	EndGlobalSection
	GlobalSection(SolutionProperties) = preSolution
		HideSolutionNode = FALSE
	EndGlobalSection
	GlobalSection(ExtensibilityGlobals) = postSolution
		SolutionGuid = {649F0F55-143A-4BC1-BD28-450CCBD1F722}
	EndGlobalSection
EndGlobal
